
Microsoft Visual Studio Solution File, Format Version 12.00
# Visual Studio Version 17
VisualStudioVersion = 17.0.32112.339
MinimumVisualStudioVersion = 10.0.40219.1
Project("{9A19103F-16F7-4668-BE54-9A1E7A4F7556}") = "FuncScript", "FuncScript\FuncScript.csproj", "{B07EBEE3-415E-42F5-BD55-9B45D13B9211}"
EndProject
Project("{9A19103F-16F7-4668-BE54-9A1E7A4F7556}") = "FsExample", "FsExample\FsExample.csproj", "{90C7C4A4-9B5E-4978-A831-E0268B03DB3B}"
EndProject
Project("{FAE04EC0-301F-11D3-BF4B-00C04F79EFBC}") = "Fsstudio.Server.FileSystem", "FsStudio.Server.FileSystem\Fsstudio.Server.FileSystem.csproj", "{4ACF1CEC-5B8E-451B-9EFF-7951F56B81C2}"
EndProject
Project("{FAE04EC0-301F-11D3-BF4B-00C04F79EFBC}") = "FsStudio.Test", "FsStudio.Test\FsStudio.Test.csproj", "{1E697E63-8EA9-42A6-AF9E-5B61EABD678D}"
EndProject
Project("{FAE04EC0-301F-11D3-BF4B-00C04F79EFBC}") = "FuncScript.Openai", "FuncScript.Openai\funcscript.openai.csproj", "{55F8D1D2-8B7E-4A68-8EC0-398AEB796C7E}"
EndProject
Project("{FAE04EC0-301F-11D3-BF4B-00C04F79EFBC}") = "FuncScript.Sql", "FuncScript.Sql\funcscript.sql.csproj", "{2D8561FD-BA78-4DB1-8A14-015A58F4905C}"
EndProject
Project("{FAE04EC0-301F-11D3-BF4B-00C04F79EFBC}") = "funcscript.test", "FuncScript.Test\funcscript.test.csproj", "{FC5AC0DE-9841-461F-BE2B-898512865F22}"
EndProject
Global
	GlobalSection(SolutionConfigurationPlatforms) = preSolution
		Debug|Any CPU = Debug|Any CPU
		Release|Any CPU = Release|Any CPU
	EndGlobalSection
	GlobalSection(ProjectConfigurationPlatforms) = postSolution
		{B07EBEE3-415E-42F5-BD55-9B45D13B9211}.Debug|Any CPU.ActiveCfg = Debug|Any CPU
		{B07EBEE3-415E-42F5-BD55-9B45D13B9211}.Debug|Any CPU.Build.0 = Debug|Any CPU
		{B07EBEE3-415E-42F5-BD55-9B45D13B9211}.Release|Any CPU.ActiveCfg = Release|Any CPU
		{B07EBEE3-415E-42F5-BD55-9B45D13B9211}.Release|Any CPU.Build.0 = Release|Any CPU
		{90C7C4A4-9B5E-4978-A831-E0268B03DB3B}.Debug|Any CPU.ActiveCfg = Debug|Any CPU
		{90C7C4A4-9B5E-4978-A831-E0268B03DB3B}.Debug|Any CPU.Build.0 = Debug|Any CPU
		{90C7C4A4-9B5E-4978-A831-E0268B03DB3B}.Release|Any CPU.ActiveCfg = Release|Any CPU
		{90C7C4A4-9B5E-4978-A831-E0268B03DB3B}.Release|Any CPU.Build.0 = Release|Any CPU
		{4ACF1CEC-5B8E-451B-9EFF-7951F56B81C2}.Debug|Any CPU.ActiveCfg = Debug|Any CPU
		{4ACF1CEC-5B8E-451B-9EFF-7951F56B81C2}.Debug|Any CPU.Build.0 = Debug|Any CPU
		{4ACF1CEC-5B8E-451B-9EFF-7951F56B81C2}.Release|Any CPU.ActiveCfg = Release|Any CPU
		{4ACF1CEC-5B8E-451B-9EFF-7951F56B81C2}.Release|Any CPU.Build.0 = Release|Any CPU
		{1E697E63-8EA9-42A6-AF9E-5B61EABD678D}.Debug|Any CPU.ActiveCfg = Debug|Any CPU
		{1E697E63-8EA9-42A6-AF9E-5B61EABD678D}.Debug|Any CPU.Build.0 = Debug|Any CPU
		{1E697E63-8EA9-42A6-AF9E-5B61EABD678D}.Release|Any CPU.ActiveCfg = Release|Any CPU
		{1E697E63-8EA9-42A6-AF9E-5B61EABD678D}.Release|Any CPU.Build.0 = Release|Any CPU
		{55F8D1D2-8B7E-4A68-8EC0-398AEB796C7E}.Debug|Any CPU.ActiveCfg = Debug|Any CPU
		{55F8D1D2-8B7E-4A68-8EC0-398AEB796C7E}.Debug|Any CPU.Build.0 = Debug|Any CPU
		{55F8D1D2-8B7E-4A68-8EC0-398AEB796C7E}.Release|Any CPU.ActiveCfg = Release|Any CPU
		{55F8D1D2-8B7E-4A68-8EC0-398AEB796C7E}.Release|Any CPU.Build.0 = Release|Any CPU
		{2D8561FD-BA78-4DB1-8A14-015A58F4905C}.Debug|Any CPU.ActiveCfg = Debug|Any CPU
		{2D8561FD-BA78-4DB1-8A14-015A58F4905C}.Debug|Any CPU.Build.0 = Debug|Any CPU
		{2D8561FD-BA78-4DB1-8A14-015A58F4905C}.Release|Any CPU.ActiveCfg = Release|Any CPU
		{2D8561FD-BA78-4DB1-8A14-015A58F4905C}.Release|Any CPU.Build.0 = Release|Any CPU
		{FC5AC0DE-9841-461F-BE2B-898512865F22}.Debug|Any CPU.ActiveCfg = Debug|Any CPU
		{FC5AC0DE-9841-461F-BE2B-898512865F22}.Debug|Any CPU.Build.0 = Debug|Any CPU
		{FC5AC0DE-9841-461F-BE2B-898512865F22}.Release|Any CPU.ActiveCfg = Release|Any CPU
		{FC5AC0DE-9841-461F-BE2B-898512865F22}.Release|Any CPU.Build.0 = Release|Any CPU
	EndGlobalSection
	GlobalSection(SolutionProperties) = preSolution
		HideSolutionNode = FALSE
	EndGlobalSection
	GlobalSection(ExtensibilityGlobals) = postSolution
		SolutionGuid = {8126CC7A-5439-40EA-B17E-EFE71BFABE2B}
	EndGlobalSection
EndGlobal
