{
  "name": "funcscript-node-example",
  "version": "0.1.0",
  "lockfileVersion": 3,
  "requires": true,
  "packages": {
    "": {
      "name": "funcscript-node-example",
      "version": "0.1.0",
      "dependencies": {
        "@tewelde/funcscript": "^0.2.16"
      },
      "bin": {
        "funcscript-node-example": "index.js"
      }
    },
    "node_modules/@tewelde/funcscript": {
      "version": "0.2.16",
      "resolved": "https://registry.npmjs.org/@tewelde/funcscript/-/funcscript-0.2.16.tgz",
      "integrity": "sha512-aGdqkuumFjUH7HNjqHO6Z6MGILYnece8cAqGryMDIY54mkMBKjxGIcMkWVbCWLO6iABFP34Tq4Iu7hnTeT2hZw==",
      "license": "MIT",
      "engines": {
        "node": ">=18"
      }
    }
  }
}
