{
  "name": "@tewelde/fs-cli",
  "version": "0.2.24",
  "lockfileVersion": 3,
  "requires": true,
  "packages": {
    "": {
      "name": "@tewelde/fs-cli",
      "version": "0.2.24",
      "license": "MIT",
      "dependencies": {
        "@tewelde/funcscript": "^0.2.23"
      },
      "bin": {
        "fs-cli": "bin/fs-cli.js"
      },
      "engines": {
        "node": ">=18"
      }
    },
    "node_modules/@tewelde/funcscript": {
      "version": "0.2.23",
      "resolved": "https://registry.npmjs.org/@tewelde/funcscript/-/funcscript-0.2.23.tgz",
      "integrity": "sha512-WuD2a11jb/JzhlCTFoBOocXcoMgkQFcX2tskhSUIh68rT9o4uLtwsAo7KNwmDcRbVAOoZEmRB7knceINBNLQrA==",
      "license": "MIT",
      "engines": {
        "node": ">=18"
      }
    }
  }
}
